
Microsoft Visual Studio Solution File, Format Version 12.00
# Visual Studio Version 17
VisualStudioVersion = 17.5.002.0
MinimumVisualStudioVersion = 10.0.40219.1
Project("{9A19103F-16F7-4668-BE54-9A1E7A4F7556}") = "task2", "task2.csproj", "{FBB0AFB8-44E8-4098-9675-A6ACA943CE77}"
EndProject
Global
	GlobalSection(SolutionConfigurationPlatforms) = preSolution
		Debug|Any CPU = Debug|Any CPU
		Release|Any CPU = Release|Any CPU
	EndGlobalSection
	GlobalSection(ProjectConfigurationPlatforms) = postSolution
		{FBB0AFB8-44E8-4098-9675-A6ACA943CE77}.Debug|Any CPU.ActiveCfg = Debug|Any CPU
		{FBB0AFB8-44E8-4098-9675-A6ACA943CE77}.Debug|Any CPU.Build.0 = Debug|Any CPU
		{FBB0AFB8-44E8-4098-9675-A6ACA943CE77}.Release|Any CPU.ActiveCfg = Release|Any CPU
		{FBB0AFB8-44E8-4098-9675-A6ACA943CE77}.Release|Any CPU.Build.0 = Release|Any CPU
	EndGlobalSection
	GlobalSection(SolutionProperties) = preSolution
		HideSolutionNode = FALSE
	EndGlobalSection
	GlobalSection(ExtensibilityGlobals) = postSolution
		SolutionGuid = {A8891C93-8B0C-4AE2-B87A-FD016A6EB911}
	EndGlobalSection
EndGlobal
